
Microsoft Visual Studio Solution File, Format Version 12.00
# Visual Studio 15
VisualStudioVersion = 15.0.27004.2010
MinimumVisualStudioVersion = 10.0.40219.1
Project("{FAE04EC0-301F-11D3-BF4B-00C04F79EFBC}") = "Studio.Entities", "Studio.Entities\Studio.Entities.csproj", "{A81E142E-12D4-4432-AFA6-6108F675BB77}"
EndProject
Project("{FAE04EC0-301F-11D3-BF4B-00C04F79EFBC}") = "Studio.Core", "Studio.Core\Studio.Core.csproj", "{F5A0E036-8645-415C-9E67-840A5B3A0C7A}"
EndProject
Project("{FAE04EC0-301F-11D3-BF4B-00C04F79EFBC}") = "Studio.Services", "Studio.Services\Studio.Services.csproj", "{AA9A9CFA-7232-4AD9-BA55-3487565B7311}"
EndProject
Project("{FAE04EC0-301F-11D3-BF4B-00C04F79EFBC}") = "StudioApplication", "StudioApplication\StudioApplication.csproj", "{9383704D-D1D3-4D30-9303-398579B8BF65}"
EndProject
Project("{FAE04EC0-301F-11D3-BF4B-00C04F79EFBC}") = "StudioCommon", "StudioCommon\StudioCommon.csproj", "{88AAA152-0908-4375-81E0-05FF717EE23B}"
EndProject
Global
	GlobalSection(SolutionConfigurationPlatforms) = preSolution
		Debug|Any CPU = Debug|Any CPU
		Release|Any CPU = Release|Any CPU
	EndGlobalSection
	GlobalSection(ProjectConfigurationPlatforms) = postSolution
		{A81E142E-12D4-4432-AFA6-6108F675BB77}.Debug|Any CPU.ActiveCfg = Debug|Any CPU
		{A81E142E-12D4-4432-AFA6-6108F675BB77}.Debug|Any CPU.Build.0 = Debug|Any CPU
		{A81E142E-12D4-4432-AFA6-6108F675BB77}.Release|Any CPU.ActiveCfg = Release|Any CPU
		{A81E142E-12D4-4432-AFA6-6108F675BB77}.Release|Any CPU.Build.0 = Release|Any CPU
		{F5A0E036-8645-415C-9E67-840A5B3A0C7A}.Debug|Any CPU.ActiveCfg = Debug|Any CPU
		{F5A0E036-8645-415C-9E67-840A5B3A0C7A}.Debug|Any CPU.Build.0 = Debug|Any CPU
		{F5A0E036-8645-415C-9E67-840A5B3A0C7A}.Release|Any CPU.ActiveCfg = Release|Any CPU
		{F5A0E036-8645-415C-9E67-840A5B3A0C7A}.Release|Any CPU.Build.0 = Release|Any CPU
		{AA9A9CFA-7232-4AD9-BA55-3487565B7311}.Debug|Any CPU.ActiveCfg = Debug|Any CPU
		{AA9A9CFA-7232-4AD9-BA55-3487565B7311}.Debug|Any CPU.Build.0 = Debug|Any CPU
		{AA9A9CFA-7232-4AD9-BA55-3487565B7311}.Release|Any CPU.ActiveCfg = Release|Any CPU
		{AA9A9CFA-7232-4AD9-BA55-3487565B7311}.Release|Any CPU.Build.0 = Release|Any CPU
		{9383704D-D1D3-4D30-9303-398579B8BF65}.Debug|Any CPU.ActiveCfg = Debug|Any CPU
		{9383704D-D1D3-4D30-9303-398579B8BF65}.Debug|Any CPU.Build.0 = Debug|Any CPU
		{9383704D-D1D3-4D30-9303-398579B8BF65}.Release|Any CPU.ActiveCfg = Release|Any CPU
		{9383704D-D1D3-4D30-9303-398579B8BF65}.Release|Any CPU.Build.0 = Release|Any CPU
		{88AAA152-0908-4375-81E0-05FF717EE23B}.Debug|Any CPU.ActiveCfg = Debug|Any CPU
		{88AAA152-0908-4375-81E0-05FF717EE23B}.Debug|Any CPU.Build.0 = Debug|Any CPU
		{88AAA152-0908-4375-81E0-05FF717EE23B}.Release|Any CPU.ActiveCfg = Release|Any CPU
		{88AAA152-0908-4375-81E0-05FF717EE23B}.Release|Any CPU.Build.0 = Release|Any CPU
	EndGlobalSection
	GlobalSection(SolutionProperties) = preSolution
		HideSolutionNode = FALSE
	EndGlobalSection
	GlobalSection(ExtensibilityGlobals) = postSolution
		SolutionGuid = {5BA967FB-F450-475B-A6A8-FAD1BDDA3DC4}
	EndGlobalSection
EndGlobal
